
Microsoft Visual Studio Solution File, Format Version 12.00
# Visual Studio 15
VisualStudioVersion = 15.0.28307.902
MinimumVisualStudioVersion = 10.0.40219.1
Project("{FAE04EC0-301F-11D3-BF4B-00C04F79EFBC}") = "UbiScoresAPI", "UbiScoresAPI\UbiScoresAPI.csproj", "{61B43F1F-7EEC-443E-AA56-B8D08E945E75}"
EndProject
Global
	GlobalSection(SolutionConfigurationPlatforms) = preSolution
		Debug|Any CPU = Debug|Any CPU
		Release|Any CPU = Release|Any CPU
	EndGlobalSection
	GlobalSection(ProjectConfigurationPlatforms) = postSolution
		{61B43F1F-7EEC-443E-AA56-B8D08E945E75}.Debug|Any CPU.ActiveCfg = Debug|Any CPU
		{61B43F1F-7EEC-443E-AA56-B8D08E945E75}.Debug|Any CPU.Build.0 = Debug|Any CPU
		{61B43F1F-7EEC-443E-AA56-B8D08E945E75}.Release|Any CPU.ActiveCfg = Release|Any CPU
		{61B43F1F-7EEC-443E-AA56-B8D08E945E75}.Release|Any CPU.Build.0 = Release|Any CPU
	EndGlobalSection
	GlobalSection(SolutionProperties) = preSolution
		HideSolutionNode = FALSE
	EndGlobalSection
	GlobalSection(ExtensibilityGlobals) = postSolution
		SolutionGuid = {B4874877-4218-4B08-AFC7-7F11E28B4F84}
	EndGlobalSection
EndGlobal
